// !$*UTF8*$!
{
	archiveVersion = 1;
	classes = {
	};
	objectVersion = 46;
	objects = {

/* Begin PBXBuildFile section */
		D689FF421EC0448B001AB5EC /* AppDelegate.swift in Sources */ = {isa = PBXBuildFile; fileRef = D689FF411EC0448B001AB5EC /* AppDelegate.swift */; };
		D689FF441EC0448B001AB5EC /* ViewController.swift in Sources */ = {isa = PBXBuildFile; fileRef = D689FF431EC0448B001AB5EC /* ViewController.swift */; };
		D689FF471EC0448B001AB5EC /* Main.storyboard in Resources */ = {isa = PBXBuildFile; fileRef = D689FF451EC0448B001AB5EC /* Main.storyboard */; };
		D689FF491EC0448B001AB5EC /* Assets.xcassets in Resources */ = {isa = PBXBuildFile; fileRef = D689FF481EC0448B001AB5EC /* Assets.xcassets */; };
		D689FF4C1EC0448B001AB5EC /* LaunchScreen.storyboard in Resources */ = {isa = PBXBuildFile; fileRef = D689FF4A1EC0448B001AB5EC /* LaunchScreen.storyboard */; };
/* End PBXBuildFile section */

/* Begin PBXFileReference section */
		D689FF3E1EC0448B001AB5EC /* MySecProject.app */ = {isa = PBXFileReference; explicitFileType = wrapper.application; includeInIndex = 0; path = MySecProject.app; sourceTree = BUILT_PRODUCTS_DIR; };
		D689FF411EC0448B001AB5EC /* AppDelegate.swift */ = {isa = PBXFileReference; lastKnownFileType = sourcecode.swift; path = AppDelegate.swift; sourceTree = "<group>"; };
		D689FF431EC0448B001AB5EC /* ViewController.swift */ = {isa = PBXFileReference; lastKnownFileType = sourcecode.swift; path = ViewController.swift; sourceTree = "<group>"; };
		D689FF461EC0448B001AB5EC /* Base */ = {isa = PBXFileReference; lastKnownFileType = file.storyboard; name = Base; path = Base.lproj/Main.storyboard; sourceTree = "<group>"; };
		D689FF481EC0448B001AB5EC /* Assets.xcassets */ = {isa = PBXFileReference; lastKnownFileType = folder.assetcatalog; path = Assets.xcassets; sourceTree = "<group>"; };
		D689FF4B1EC0448B001AB5EC /* Base */ = {isa = PBXFileReference; lastKnownFileType = file.storyboard; name = Base; path = Base.lproj/LaunchScreen.storyboard; sourceTree = "<group>"; };
		D689FF4D1EC0448B001AB5EC /* Info.plist */ = {isa = PBXFileReference; lastKnownFileType = text.plist.xml; path = Info.plist; sourceTree = "<group>"; };
/* End PBXFileReference section */

/* Begin PBXFrameworksBuildPhase section */
		D689FF3B1EC0448B001AB5EC /* Frameworks */ = {
			isa = PBXFrameworksBuildPhase;
			buildActionMask = 2147483647;
			files = (
			);
			runOnlyForDeploymentPostprocessing = 0;
		};
/* End PBXFrameworksBuildPhase section */

/* Begin PBXGroup section */
		D689FF351EC0448B001AB5EC = {
			isa = PBXGroup;
			children = (
				D689FF401EC0448B001AB5EC /* MySecProject */,
				D689FF3F1EC0448B001AB5EC /* Products */,
			);
			sourceTree = "<group>";
		};
		D689FF3F1EC0448B001AB5EC /* Products */ = {
			isa = PBXGroup;
			children = (
				D689FF3E1EC0448B001AB5EC /* MySecProject.app */,
			);
			name = Products;
			sourceTree = "<group>";
		};
		D689FF401EC0448B001AB5EC /* MySecProject */ = {
			isa = PBXGroup;
			children = (
				D689FF411EC0448B001AB5EC /* AppDelegate.swift */,
				D689FF431EC0448B001AB5EC /* ViewController.swift */,
				D689FF451EC0448B001AB5EC /* Main.storyboard */,
				D689FF481EC0448B001AB5EC /* Assets.xcassets */,
				D689FF4A1EC0448B001AB5EC /* LaunchScreen.storyboard */,
				D689FF4D1EC0448B001AB5EC /* Info.plist */,
			);
			path = MySecProject;
			sourceTree = "<group>";
		};
/* End PBXGroup section */

/* Begin PBXNativeTarget section */
		D689FF3D1EC0448B001AB5EC /* MySecProject */ = {
			isa = PBXNativeTarget;
			buildConfigurationList = D689FF501EC0448B001AB5EC /* Build configuration list for PBXNativeTarget "MySecProject" */;
			buildPhases = (
				D689FF3A1EC0448B001AB5EC /* Sources */,
				D689FF3B1EC0448B001AB5EC /* Frameworks */,
				D689FF3C1EC0448B001AB5EC /* Resources */,
			);
			buildRules = (
			);
			dependencies = (
			);
			name = MySecProject;
			productName = MySecProject;
			productReference = D689FF3E1EC0448B001AB5EC /* MySecProject.app */;
			productType = "com.apple.product-type.application";
		};
/* End PBXNativeTarget section */

/* Begin PBXProject section */
		D689FF361EC0448B001AB5EC /* Project object */ = {
			isa = PBXProject;
			attributes = {
				LastSwiftUpdateCheck = 0830;
				LastUpgradeCheck = 0830;
				ORGANIZATIONNAME = "tornike mindorashvili";
				TargetAttributes = {
					D689FF3D1EC0448B001AB5EC = {
						CreatedOnToolsVersion = 8.3.2;
						ProvisioningStyle = Automatic;
					};
				};
			};
			buildConfigurationList = D689FF391EC0448B001AB5EC /* Build configuration list for PBXProject "MySecProject" */;
			compatibilityVersion = "Xcode 3.2";
			developmentRegion = English;
			hasScannedForEncodings = 0;
			knownRegions = (
				en,
				Base,
			);
			mainGroup = D689FF351EC0448B001AB5EC;
			productRefGroup = D689FF3F1EC0448B001AB5EC /* Products */;
			projectDirPath = "";
			projectRoot = "";
			targets = (
				D689FF3D1EC0448B001AB5EC /* MySecProject */,
			);
		};
/* End PBXProject section */

/* Begin PBXResourcesBuildPhase section */
		D689FF3C1EC0448B001AB5EC /* Resources */ = {
			isa = PBXResourcesBuildPhase;
			buildActionMask = 2147483647;
			files = (
				D689FF4C1EC0448B001AB5EC /* LaunchScreen.storyboard in Resources */,
				D689FF491EC0448B001AB5EC /* Assets.xcassets in Resources */,
				D689FF471EC0448B001AB5EC /* Main.storyboard in Resources */,
			);
			runOnlyForDeploymentPostprocessing = 0;
		};
/* End PBXResourcesBuildPhase section */

/* Begin PBXSourcesBuildPhase section */
		D689FF3A1EC0448B001AB5EC /* Sources */ = {
			isa = PBXSourcesBuildPhase;
			buildActionMask = 2147483647;
			files = (
				D689FF441EC0448B001AB5EC /* ViewController.swift in Sources */,
				D689FF421EC0448B001AB5EC /* AppDelegate.swift in Sources */,
			);
			runOnlyForDeploymentPostprocessing = 0;
		};
/* End PBXSourcesBuildPhase section */

/* Begin PBXVariantGroup section */
		D689FF451EC0448B001AB5EC /* Main.storyboard */ = {
			isa = PBXVariantGroup;
			children = (
				D689FF461EC0448B001AB5EC /* Base */,
			);
			name = Main.storyboard;
			sourceTree = "<group>";
		};
		D689FF4A1EC0448B001AB5EC /* LaunchScreen.storyboard */ = {
			isa = PBXVariantGroup;
			children = (
				D689FF4B1EC0448B001AB5EC /* Base */,
			);
			name = LaunchScreen.storyboard;
			sourceTree = "<group>";
		};
/* End PBXVariantGroup section */

/* Begin XCBuildConfiguration section */
		D689FF4E1EC0448B001AB5EC /* Debug */ = {
			isa = XCBuildConfiguration;
			buildSettings = {
				ALWAYS_SEARCH_USER_PATHS = NO;
				CLANG_ANALYZER_NONNULL = YES;
				CLANG_ANALYZER_NUMBER_OBJECT_CONVERSION = YES_AGGRESSIVE;
				CLANG_CXX_LANGUAGE_STANDARD = "gnu++0x";
				CLANG_CXX_LIBRARY = "libc++";
				CLANG_ENABLE_MODULES = YES;
				CLANG_ENABLE_OBJC_ARC = YES;
				CLANG_WARN_BOOL_CONVERSION = YES;
				CLANG_WARN_CONSTANT_CONVERSION = YES;
				CLANG_WARN_DIRECT_OBJC_ISA_USAGE = YES_ERROR;
				CLANG_WARN_DOCUMENTATION_COMMENTS = YES;
				CLANG_WARN_EMPTY_BODY = YES;
				CLANG_WARN_ENUM_CONVERSION = YES;
				CLANG_WARN_INFINITE_RECURSION = YES;
				CLANG_WARN_INT_CONVERSION = YES;
				CLANG_WARN_OBJC_ROOT_CLASS = YES_ERROR;
				CLANG_WARN_SUSPICIOUS_MOVE = YES;
				CLANG_WARN_UNREACHABLE_CODE = YES;
				CLANG_WARN__DUPLICATE_METHOD_MATCH = YES;
				"CODE_SIGN_IDENTITY[sdk=iphoneos*]" = "iPhone Developer";
				COPY_PHASE_STRIP = NO;
				DEBUG_INFORMATION_FORMAT = dwarf;
				ENABLE_STRICT_OBJC_MSGSEND = YES;
				ENABLE_TESTABILITY = YES;
				GCC_C_LANGUAGE_STANDARD = gnu99;
				GCC_DYNAMIC_NO_PIC = NO;
				GCC_NO_COMMON_BLOCKS = YES;
				GCC_OPTIMIZATION_LEVEL = 0;
				GCC_PREPROCESSOR_DEFINITIONS = (
					"DEBUG=1",
					"$(inherited)",
				);
				GCC_WARN_64_TO_32_BIT_CONVERSION = YES;
				GCC_WARN_ABOUT_RETURN_TYPE = YES_ERROR;
				GCC_WARN_UNDECLARED_SELECTOR = YES;
				GCC_WARN_UNINITIALIZED_AUTOS = YES_AGGRESSIVE;
				GCC_WARN_UNUSED_FUNCTION = YES;
				GCC_WARN_UNUSED_VARIABLE = YES;
				IPHONEOS_DEPLOYMENT_TARGET = 10.3;
				MTL_ENABLE_DEBUG_INFO = YES;
				ONLY_ACTIVE_ARCH = YES;
				SDKROOT = iphoneos;
				SWIFT_ACTIVE_COMPILATION_CONDITIONS = DEBUG;
				SWIFT_OPTIMIZATION_LEVEL = "-Onone";
				TARGETED_DEVICE_FAMILY = "1,2";
			};
			name = Debug;
		};
		D689FF4F1EC0448B001AB5EC /* Release */ = {
			isa = XCBuildConfiguration;
			buildSettings = {
				ALWAYS_SEARCH_USER_PATHS = NO;
				CLANG_ANALYZER_NONNULL = YES;
				CLANG_ANALYZER_NUMBER_OBJECT_CONVERSION = YES_AGGRESSIVE;
				CLANG_CXX_LANGUAGE_STANDARD = "gnu++0x";
				CLANG_CXX_LIBRARY = "libc++";
				CLANG_ENABLE_MODULES = YES;
				CLANG_ENABLE_OBJC_ARC = YES;
				CLANG_WARN_BOOL_CONVERSION = YES;
				CLANG_WARN_CONSTANT_CONVERSION = YES;
				CLANG_WARN_DIRECT_OBJC_ISA_USAGE = YES_ERROR;
				CLANG_WARN_DOCUMENTATION_COMMENTS = YES;
				CLANG_WARN_EMPTY_BODY = YES;
				CLANG_WARN_ENUM_CONVERSION = YES;
				CLANG_WARN_INFINITE_RECURSION = YES;
				CLANG_WARN_INT_CONVERSION = YES;
				CLANG_WARN_OBJC_ROOT_CLASS = YES_ERROR;
				CLANG_WARN_SUSPICIOUS_MOVE = YES;
				CLANG_WARN_UNREACHABLE_CODE = YES;
				CLANG_WARN__DUPLICATE_METHOD_MATCH = YES;
				"CODE_SIGN_IDENTITY[sdk=iphoneos*]" = "iPhone Developer";
				COPY_PHASE_STRIP = NO;
				DEBUG_INFORMATION_FORMAT = "dwarf-with-dsym";
				ENABLE_NS_ASSERTIONS = NO;
				ENABLE_STRICT_OBJC_MSGSEND = YES;
				GCC_C_LANGUAGE_STANDARD = gnu99;
				GCC_NO_COMMON_BLOCKS = YES;
				GCC_WARN_64_TO_32_BIT_CONVERSION = YES;
				GCC_WARN_ABOUT_RETURN_TYPE = YES_ERROR;
				GCC_WARN_UNDECLARED_SELECTOR = YES;
				GCC_WARN_UNINITIALIZED_AUTOS = YES_AGGRESSIVE;
				GCC_WARN_UNUSED_FUNCTION = YES;
				GCC_WARN_UNUSED_VARIABLE = YES;
				IPHONEOS_DEPLOYMENT_TARGET = 10.3;
				MTL_ENABLE_DEBUG_INFO = NO;
				SDKROOT = iphoneos;
				SWIFT_OPTIMIZATION_LEVEL = "-Owholemodule";
				TARGETED_DEVICE_FAMILY = "1,2";
				VALIDATE_PRODUCT = YES;
			};
			name = Release;
		};
		D689FF511EC0448B001AB5EC /* Debug */ = {
			isa = XCBuildConfiguration;
			buildSettings = {
				ASSETCATALOG_COMPILER_APPICON_NAME = AppIcon;
				INFOPLIST_FILE = MySecProject/Info.plist;
				LD_RUNPATH_SEARCH_PATHS = "$(inherited) @executable_path/Frameworks";
				PRODUCT_BUNDLE_IDENTIFIER = com.example.MySecProject;
				PRODUCT_NAME = "$(TARGET_NAME)";
				SWIFT_VERSION = 3.0;
			};
			name = Debug;
		};
		D689FF521EC0448B001AB5EC /* Release */ = {
			isa = XCBuildConfiguration;
			buildSettings = {
				ASSETCATALOG_COMPILER_APPICON_NAME = AppIcon;
				INFOPLIST_FILE = MySecProject/Info.plist;
				LD_RUNPATH_SEARCH_PATHS = "$(inherited) @executable_path/Frameworks";
				PRODUCT_BUNDLE_IDENTIFIER = com.example.MySecProject;
				PRODUCT_NAME = "$(TARGET_NAME)";
				SWIFT_VERSION = 3.0;
			};
			name = Release;
		};
/* End XCBuildConfiguration section */

/* Begin XCConfigurationList section */
		D689FF391EC0448B001AB5EC /* Build configuration list for PBXProject "MySecProject" */ = {
			isa = XCConfigurationList;
			buildConfigurations = (
				D689FF4E1EC0448B001AB5EC /* Debug */,
				D689FF4F1EC0448B001AB5EC /* Release */,
			);
			defaultConfigurationIsVisible = 0;
			defaultConfigurationName = Release;
		};
		D689FF501EC0448B001AB5EC /* Build configuration list for PBXNativeTarget "MySecProject" */ = {
			isa = XCConfigurationList;
			buildConfigurations = (
				D689FF511EC0448B001AB5EC /* Debug */,
				D689FF521EC0448B001AB5EC /* Release */,
			);
			defaultConfigurationIsVisible = 0;
		};
/* End XCConfigurationList section */
	};
	rootObject = D689FF361EC0448B001AB5EC /* Project object */;
}
